# This file was autogenerated by Stack.
# You should not edit this file by hand.
# For more information, please see the documentation at:
#   https://docs.haskellstack.org/en/stable/topics/lock_files

packages: []
snapshots:
- completed:
    sha256: 78147d3761fd88456232717ec93c834ffb6dc9061e4d1b0e4600b1b8a44cee92
    size: 653398
    url: https://raw.githubusercontent.com/commercialhaskell/stackage-snapshots/master/nightly/2025/2/14.yaml
  original: nightly-2025-02-14
